
Microsoft Visual Studio Solution File, Format Version 12.00
# Visual Studio Version 17
VisualStudioVersion = 17.14.36202.13 d17.14
MinimumVisualStudioVersion = 10.0.40219.1
Project("{FAE04EC0-301F-11D3-BF4B-00C04F79EFBC}") = "consoleNET", "consoleNET\consoleNET.csproj", "{9D8E752C-5838-4AB1-B2CE-9FEB5B72336E}"
EndProject
Global
	GlobalSection(SolutionConfigurationPlatforms) = preSolution
		Debug|Any CPU = Debug|Any CPU
		Release|Any CPU = Release|Any CPU
	EndGlobalSection
	GlobalSection(ProjectConfigurationPlatforms) = postSolution
		{9D8E752C-5838-4AB1-B2CE-9FEB5B72336E}.Debug|Any CPU.ActiveCfg = Debug|Any CPU
		{9D8E752C-5838-4AB1-B2CE-9FEB5B72336E}.Debug|Any CPU.Build.0 = Debug|Any CPU
		{9D8E752C-5838-4AB1-B2CE-9FEB5B72336E}.Release|Any CPU.ActiveCfg = Release|Any CPU
		{9D8E752C-5838-4AB1-B2CE-9FEB5B72336E}.Release|Any CPU.Build.0 = Release|Any CPU
	EndGlobalSection
	GlobalSection(SolutionProperties) = preSolution
		HideSolutionNode = FALSE
	EndGlobalSection
	GlobalSection(ExtensibilityGlobals) = postSolution
		SolutionGuid = {C695CCD9-54B1-40E7-9677-EECC42CF63E8}
	EndGlobalSection
EndGlobal
